
Microsoft Visual Studio Solution File, Format Version 12.00
# Visual Studio Version 17
VisualStudioVersion = 17.11.35222.181
MinimumVisualStudioVersion = 10.0.40219.1
Project("{FAE04EC0-301F-11D3-BF4B-00C04F79EFBC}") = "QLBanSach", "QLBanSach\QLBanSach.csproj", "{6EE87812-438E-4525-AE66-973F990DCDB4}"
EndProject
Global
	GlobalSection(SolutionConfigurationPlatforms) = preSolution
		Debug|Any CPU = Debug|Any CPU
		Release|Any CPU = Release|Any CPU
	EndGlobalSection
	GlobalSection(ProjectConfigurationPlatforms) = postSolution
		{6EE87812-438E-4525-AE66-973F990DCDB4}.Debug|Any CPU.ActiveCfg = Debug|Any CPU
		{6EE87812-438E-4525-AE66-973F990DCDB4}.Debug|Any CPU.Build.0 = Debug|Any CPU
		{6EE87812-438E-4525-AE66-973F990DCDB4}.Release|Any CPU.ActiveCfg = Release|Any CPU
		{6EE87812-438E-4525-AE66-973F990DCDB4}.Release|Any CPU.Build.0 = Release|Any CPU
	EndGlobalSection
	GlobalSection(SolutionProperties) = preSolution
		HideSolutionNode = FALSE
	EndGlobalSection
	GlobalSection(ExtensibilityGlobals) = postSolution
		SolutionGuid = {E524AEC5-978B-4F9D-BD18-D010B3FADF7D}
	EndGlobalSection
EndGlobal
